
Microsoft Visual Studio Solution File, Format Version 12.00
# Visual Studio Version 17
VisualStudioVersion = 17.10.34928.147
MinimumVisualStudioVersion = 10.0.40219.1
Project("{9A19103F-16F7-4668-BE54-9A1E7A4F7556}") = "ODataBookStore", "ODataBookStore\ODataBookStore.csproj", "{8A4E4BA4-531C-4FD1-966D-A146BE287304}"
EndProject
Global
	GlobalSection(SolutionConfigurationPlatforms) = preSolution
		Debug|Any CPU = Debug|Any CPU
		Release|Any CPU = Release|Any CPU
	EndGlobalSection
	GlobalSection(ProjectConfigurationPlatforms) = postSolution
		{8A4E4BA4-531C-4FD1-966D-A146BE287304}.Debug|Any CPU.ActiveCfg = Debug|Any CPU
		{8A4E4BA4-531C-4FD1-966D-A146BE287304}.Debug|Any CPU.Build.0 = Debug|Any CPU
		{8A4E4BA4-531C-4FD1-966D-A146BE287304}.Release|Any CPU.ActiveCfg = Release|Any CPU
		{8A4E4BA4-531C-4FD1-966D-A146BE287304}.Release|Any CPU.Build.0 = Release|Any CPU
	EndGlobalSection
	GlobalSection(SolutionProperties) = preSolution
		HideSolutionNode = FALSE
	EndGlobalSection
	GlobalSection(ExtensibilityGlobals) = postSolution
		SolutionGuid = {4371FBA6-168F-44D9-9115-BBD8FC7AF77A}
	EndGlobalSection
EndGlobal
